
Microsoft Visual Studio Solution File, Format Version 12.00
# Visual Studio Version 17
VisualStudioVersion = 17.9.34728.123
MinimumVisualStudioVersion = 10.0.40219.1
Project("{9A19103F-16F7-4668-BE54-9A1E7A4F7556}") = "LiquidsLib", "LiquidsLib.csproj", "{ECF67790-7441-44E9-9249-317DBF076CD5}"
EndProject
Global
	GlobalSection(SolutionConfigurationPlatforms) = preSolution
		Debug|Any CPU = Debug|Any CPU
		Release|Any CPU = Release|Any CPU
	EndGlobalSection
	GlobalSection(ProjectConfigurationPlatforms) = postSolution
		{ECF67790-7441-44E9-9249-317DBF076CD5}.Debug|Any CPU.ActiveCfg = Debug|Any CPU
		{ECF67790-7441-44E9-9249-317DBF076CD5}.Debug|Any CPU.Build.0 = Debug|Any CPU
		{ECF67790-7441-44E9-9249-317DBF076CD5}.Release|Any CPU.ActiveCfg = Release|Any CPU
		{ECF67790-7441-44E9-9249-317DBF076CD5}.Release|Any CPU.Build.0 = Release|Any CPU
	EndGlobalSection
	GlobalSection(SolutionProperties) = preSolution
		HideSolutionNode = FALSE
	EndGlobalSection
	GlobalSection(ExtensibilityGlobals) = postSolution
		SolutionGuid = {1D7A684E-9BF2-4C5F-8D6C-B8723A06868B}
	EndGlobalSection
EndGlobal
